{
    "_meta": {
        "hash": {
            "sha256": "d143c14a23dd44368601554d3885623ae5a86db792056293dbfc1cabad04ab66"
        },
        "pipfile-spec": 6,
        "requires": {
            "python_version": "3.6"
        },
        "sources": [
            {
                "name": "pypi",
                "url": "https://pypi.org/simple",
                "verify_ssl": true
            }
        ]
    },
    "default": {
        "click": {
            "hashes": [
                "sha256:d2b5255c7c6349bc1bd1e59e08cd12acbbd63ce649f2588755783aa94dfb6b1a",
                "sha256:dacca89f4bfadd5de3d7489b7c8a566eee0d3676333fbb50030263894c38c0dc"
            ],
            "version": "==7.1.2"
        },
        "joblib": {
            "hashes": [
                "sha256:0630eea4f5664c463f23fbf5dcfc54a2bc6168902719fa8e19daf033022786c8",
                "sha256:bdb4fd9b72915ffb49fde2229ce482dd7ae79d842ed8c2b4c932441495af1403"
            ],
            "version": "==0.14.1"
        },
        "nltk": {
            "hashes": [
                "sha256:845365449cd8c5f9731f7cb9f8bd6fd0767553b9d53af9eb1b3abf7700936b35"
            ],
            "index": "pypi",
            "version": "==3.5"
        },
        "regex": {
            "hashes": [
                "sha256:021a0ae4d2baeeb60a3014805a2096cb329bd6d9f30669b7ad0da51a9cb73349",
                "sha256:04d6e948ef34d3eac133bedc0098364a9e635a7914f050edb61272d2ddae3608",
                "sha256:099568b372bda492be09c4f291b398475587d49937c659824f891182df728cdf",
                "sha256:0ff50843535593ee93acab662663cb2f52af8e31c3f525f630f1dc6156247938",
                "sha256:1b17bf37c2aefc4cac8436971fe6ee52542ae4225cfc7762017f7e97a63ca998",
                "sha256:1e2255ae938a36e9bd7db3b93618796d90c07e5f64dd6a6750c55f51f8b76918",
                "sha256:2bc6a17a7fa8afd33c02d51b6f417fc271538990297167f68a98cae1c9e5c945",
                "sha256:3ab5e41c4ed7cd4fa426c50add2892eb0f04ae4e73162155cd668257d02259dd",
                "sha256:3b059e2476b327b9794c792c855aa05531a3f3044737e455d283c7539bd7534d",
                "sha256:4df91094ced6f53e71f695c909d9bad1cca8761d96fd9f23db12245b5521136e",
                "sha256:5493a02c1882d2acaaf17be81a3b65408ff541c922bfd002535c5f148aa29f74",
                "sha256:5b741ecc3ad3e463d2ba32dce512b412c319993c1bb3d999be49e6092a769fb2",
                "sha256:652ab4836cd5531d64a34403c00ada4077bb91112e8bcdae933e2eae232cf4a8",
                "sha256:669a8d46764a09f198f2e91fc0d5acdac8e6b620376757a04682846ae28879c4",
                "sha256:73a10404867b835f1b8a64253e4621908f0d71150eb4e97ab2e7e441b53e9451",
                "sha256:7ce4a213a96d6c25eeae2f7d60d4dad89ac2b8134ec3e69db9bc522e2c0f9388",
                "sha256:8127ca2bf9539d6a64d03686fd9e789e8c194fc19af49b69b081f8c7e6ecb1bc",
                "sha256:b5b5b2e95f761a88d4c93691716ce01dc55f288a153face1654f868a8034f494",
                "sha256:b7c9f65524ff06bf70c945cd8d8d1fd90853e27ccf86026af2afb4d9a63d06b1",
                "sha256:f7f2f4226db6acd1da228adf433c5c3792858474e49d80668ea82ac87cf74a03",
                "sha256:fa09da4af4e5b15c0e8b4986a083f3fd159302ea115a6cc0649cd163435538b8"
            ],
            "version": "==2020.5.7"
        },
        "tqdm": {
            "hashes": [
                "sha256:4733c4a10d0f2a4d098d801464bdaf5240c7dadd2a7fde4ee93b0a0efd9fb25e",
                "sha256:acdafb20f51637ca3954150d0405ff1a7edde0ff19e38fb99a80a66210d2a28f"
            ],
            "index": "pypi",
            "version": "==4.46.0"
        }
    },
    "develop": {
        "attrs": {
            "hashes": [
                "sha256:08a96c641c3a74e44eb59afb61a24f2cb9f4d7188748e76ba4bb5edfa3cb7d1c",
                "sha256:f7b7ce16570fe9965acd6d30101a28f62fb4a7f9e926b3bbc9b61f8b04247e72"
            ],
            "version": "==19.3.0"
        },
        "importlib-metadata": {
            "hashes": [
                "sha256:2a688cbaa90e0cc587f1df48bdc97a6eadccdcd9c35fb3f976a09e3b5016d90f",
                "sha256:34513a8a0c4962bc66d35b359558fd8a5e10cd472d37aec5f66858addef32c1e"
            ],
            "markers": "python_version < '3.8'",
            "version": "==1.6.0"
        },
        "more-itertools": {
            "hashes": [
                "sha256:5dd8bcf33e5f9513ffa06d5ad33d78f31e1931ac9a18f33d37e77a180d393a7c",
                "sha256:b1ddb932186d8a6ac451e1d95844b382f55e12686d51ca0c68b6f61f2ab7a507"
            ],
            "version": "==8.2.0"
        },
        "packaging": {
            "hashes": [
                "sha256:3c292b474fda1671ec57d46d739d072bfd495a4f51ad01a055121d81e952b7a3",
                "sha256:82f77b9bee21c1bafbf35a84905d604d5d1223801d639cf3ed140bd651c08752"
            ],
            "version": "==20.3"
        },
        "pluggy": {
            "hashes": [
                "sha256:15b2acde666561e1298d71b523007ed7364de07029219b604cf808bfa1c765b0",
                "sha256:966c145cd83c96502c3c3868f50408687b38434af77734af1e9ca461a4081d2d"
            ],
            "version": "==0.13.1"
        },
        "py": {
            "hashes": [
                "sha256:5e27081401262157467ad6e7f851b7aa402c5852dbcb3dae06768434de5752aa",
                "sha256:c20fdd83a5dbc0af9efd622bee9a5564e278f6380fffcacc43ba6f43db2813b0"
            ],
            "version": "==1.8.1"
        },
        "pyparsing": {
            "hashes": [
                "sha256:c203ec8783bf771a155b207279b9bccb8dea02d8f0c9e5f8ead507bc3246ecc1",
                "sha256:ef9d7589ef3c200abe66653d3f1ab1033c3c419ae9b9bdb1240a85b024efc88b"
            ],
            "version": "==2.4.7"
        },
        "pytest": {
            "hashes": [
                "sha256:95c710d0a72d91c13fae35dce195633c929c3792f54125919847fdcdf7caa0d3",
                "sha256:eb2b5e935f6a019317e455b6da83dd8650ac9ffd2ee73a7b657a30873d67a698"
            ],
            "index": "pypi",
            "version": "==5.4.2"
        },
        "six": {
            "hashes": [
                "sha256:236bdbdce46e6e6a3d61a337c0f8b763ca1e8717c03b369e87a7ec7ce1319c0a",
                "sha256:8f3cd2e254d8f793e7f3d6d9df77b92252b52637291d0f0da013c76ea2724b6c"
            ],
            "version": "==1.14.0"
        },
        "wcwidth": {
            "hashes": [
                "sha256:cafe2186b3c009a04067022ce1dcd79cb38d8d65ee4f4791b8888d6599d1bbe1",
                "sha256:ee73862862a156bf77ff92b09034fc4825dd3af9cf81bc5b360668d425f3c5f1"
            ],
            "version": "==0.1.9"
        },
        "zipp": {
            "hashes": [
                "sha256:aa36550ff0c0b7ef7fa639055d797116ee891440eac1a56f378e2d3179e0320b",
                "sha256:c599e4d75c98f6798c509911d08a22e6c021d074469042177c8c86fb92eefd96"
            ],
            "version": "==3.1.0"
        }
    }
}
